
Microsoft Visual Studio Solution File, Format Version 12.00
Project("{FAE04EC0-301F-11D3-BF4B-00C04F79EFBC}") = "FlightTrack", "FlightTrack\FlightTrack.csproj", "{E92209A4-BE83-44EB-802B-4A2D12B6F6DD}"
EndProject
Global
	GlobalSection(SolutionConfigurationPlatforms) = preSolution
		Debug|Any CPU = Debug|Any CPU
		Release|Any CPU = Release|Any CPU
	EndGlobalSection
	GlobalSection(ProjectConfigurationPlatforms) = postSolution
		{E92209A4-BE83-44EB-802B-4A2D12B6F6DD}.Debug|Any CPU.ActiveCfg = Debug|Any CPU
		{E92209A4-BE83-44EB-802B-4A2D12B6F6DD}.Debug|Any CPU.Build.0 = Debug|Any CPU
		{E92209A4-BE83-44EB-802B-4A2D12B6F6DD}.Release|Any CPU.ActiveCfg = Release|Any CPU
		{E92209A4-BE83-44EB-802B-4A2D12B6F6DD}.Release|Any CPU.Build.0 = Release|Any CPU
	EndGlobalSection
EndGlobal
